
Microsoft Visual Studio Solution File, Format Version 12.00
# Visual Studio 14
VisualStudioVersion = 14.0.25420.1
MinimumVisualStudioVersion = 10.0.40219.1
Project("{FAE04EC0-301F-11D3-BF4B-00C04F79EFBC}") = "TurismoUsuarios", "TurismoUsuarios\TurismoUsuarios\TurismoUsuarios.csproj", "{84B4611B-93D8-44F6-84C1-D5E1338419DD}"
EndProject
Project("{FAE04EC0-301F-11D3-BF4B-00C04F79EFBC}") = "TurismoUsuarios.Droid", "TurismoUsuarios\TurismoUsuarios.Droid\TurismoUsuarios.Droid.csproj", "{91897016-536E-4D70-B6F6-513DE415F1D2}"
EndProject
Project("{FAE04EC0-301F-11D3-BF4B-00C04F79EFBC}") = "TurismoUsuarios.iOS", "TurismoUsuarios\TurismoUsuarios.iOS\TurismoUsuarios.iOS.csproj", "{73FE0459-9920-47FB-9C56-B1E673EB3196}"
EndProject
Global
	GlobalSection(SolutionConfigurationPlatforms) = preSolution
		Ad-Hoc|Any CPU = Ad-Hoc|Any CPU
		Ad-Hoc|ARM = Ad-Hoc|ARM
		Ad-Hoc|iPhone = Ad-Hoc|iPhone
		Ad-Hoc|iPhoneSimulator = Ad-Hoc|iPhoneSimulator
		Ad-Hoc|x64 = Ad-Hoc|x64
		Ad-Hoc|x86 = Ad-Hoc|x86
		AppStore|Any CPU = AppStore|Any CPU
		AppStore|ARM = AppStore|ARM
		AppStore|iPhone = AppStore|iPhone
		AppStore|iPhoneSimulator = AppStore|iPhoneSimulator
		AppStore|x64 = AppStore|x64
		AppStore|x86 = AppStore|x86
		Debug|Any CPU = Debug|Any CPU
		Debug|ARM = Debug|ARM
		Debug|iPhone = Debug|iPhone
		Debug|iPhoneSimulator = Debug|iPhoneSimulator
		Debug|x64 = Debug|x64
		Debug|x86 = Debug|x86
		Release|Any CPU = Release|Any CPU
		Release|ARM = Release|ARM
		Release|iPhone = Release|iPhone
		Release|iPhoneSimulator = Release|iPhoneSimulator
		Release|x64 = Release|x64
		Release|x86 = Release|x86
	EndGlobalSection
	GlobalSection(ProjectConfigurationPlatforms) = postSolution
		{84B4611B-93D8-44F6-84C1-D5E1338419DD}.Ad-Hoc|Any CPU.ActiveCfg = Release|Any CPU
		{84B4611B-93D8-44F6-84C1-D5E1338419DD}.Ad-Hoc|Any CPU.Build.0 = Release|Any CPU
		{84B4611B-93D8-44F6-84C1-D5E1338419DD}.Ad-Hoc|ARM.ActiveCfg = Release|Any CPU
		{84B4611B-93D8-44F6-84C1-D5E1338419DD}.Ad-Hoc|ARM.Build.0 = Release|Any CPU
		{84B4611B-93D8-44F6-84C1-D5E1338419DD}.Ad-Hoc|iPhone.ActiveCfg = Release|Any CPU
		{84B4611B-93D8-44F6-84C1-D5E1338419DD}.Ad-Hoc|iPhone.Build.0 = Release|Any CPU
		{84B4611B-93D8-44F6-84C1-D5E1338419DD}.Ad-Hoc|iPhoneSimulator.ActiveCfg = Release|Any CPU
		{84B4611B-93D8-44F6-84C1-D5E1338419DD}.Ad-Hoc|iPhoneSimulator.Build.0 = Release|Any CPU
		{84B4611B-93D8-44F6-84C1-D5E1338419DD}.Ad-Hoc|x64.ActiveCfg = Release|Any CPU
		{84B4611B-93D8-44F6-84C1-D5E1338419DD}.Ad-Hoc|x64.Build.0 = Release|Any CPU
		{84B4611B-93D8-44F6-84C1-D5E1338419DD}.Ad-Hoc|x86.ActiveCfg = Release|Any CPU
		{84B4611B-93D8-44F6-84C1-D5E1338419DD}.Ad-Hoc|x86.Build.0 = Release|Any CPU
		{84B4611B-93D8-44F6-84C1-D5E1338419DD}.AppStore|Any CPU.ActiveCfg = Release|Any CPU
		{84B4611B-93D8-44F6-84C1-D5E1338419DD}.AppStore|Any CPU.Build.0 = Release|Any CPU
		{84B4611B-93D8-44F6-84C1-D5E1338419DD}.AppStore|ARM.ActiveCfg = Release|Any CPU
		{84B4611B-93D8-44F6-84C1-D5E1338419DD}.AppStore|ARM.Build.0 = Release|Any CPU
		{84B4611B-93D8-44F6-84C1-D5E1338419DD}.AppStore|iPhone.ActiveCfg = Release|Any CPU
		{84B4611B-93D8-44F6-84C1-D5E1338419DD}.AppStore|iPhone.Build.0 = Release|Any CPU
		{84B4611B-93D8-44F6-84C1-D5E1338419DD}.AppStore|iPhoneSimulator.ActiveCfg = Release|Any CPU
		{84B4611B-93D8-44F6-84C1-D5E1338419DD}.AppStore|iPhoneSimulator.Build.0 = Release|Any CPU
		{84B4611B-93D8-44F6-84C1-D5E1338419DD}.AppStore|x64.ActiveCfg = Release|Any CPU
		{84B4611B-93D8-44F6-84C1-D5E1338419DD}.AppStore|x64.Build.0 = Release|Any CPU
		{84B4611B-93D8-44F6-84C1-D5E1338419DD}.AppStore|x86.ActiveCfg = Release|Any CPU
		{84B4611B-93D8-44F6-84C1-D5E1338419DD}.AppStore|x86.Build.0 = Release|Any CPU
		{84B4611B-93D8-44F6-84C1-D5E1338419DD}.Debug|Any CPU.ActiveCfg = Debug|Any CPU
		{84B4611B-93D8-44F6-84C1-D5E1338419DD}.Debug|Any CPU.Build.0 = Debug|Any CPU
		{84B4611B-93D8-44F6-84C1-D5E1338419DD}.Debug|ARM.ActiveCfg = Debug|Any CPU
		{84B4611B-93D8-44F6-84C1-D5E1338419DD}.Debug|ARM.Build.0 = Debug|Any CPU
		{84B4611B-93D8-44F6-84C1-D5E1338419DD}.Debug|iPhone.ActiveCfg = Debug|Any CPU
		{84B4611B-93D8-44F6-84C1-D5E1338419DD}.Debug|iPhone.Build.0 = Debug|Any CPU
		{84B4611B-93D8-44F6-84C1-D5E1338419DD}.Debug|iPhoneSimulator.ActiveCfg = Debug|Any CPU
		{84B4611B-93D8-44F6-84C1-D5E1338419DD}.Debug|iPhoneSimulator.Build.0 = Debug|Any CPU
		{84B4611B-93D8-44F6-84C1-D5E1338419DD}.Debug|x64.ActiveCfg = Debug|Any CPU
		{84B4611B-93D8-44F6-84C1-D5E1338419DD}.Debug|x64.Build.0 = Debug|Any CPU
		{84B4611B-93D8-44F6-84C1-D5E1338419DD}.Debug|x86.ActiveCfg = Debug|Any CPU
		{84B4611B-93D8-44F6-84C1-D5E1338419DD}.Debug|x86.Build.0 = Debug|Any CPU
		{84B4611B-93D8-44F6-84C1-D5E1338419DD}.Release|Any CPU.ActiveCfg = Release|Any CPU
		{84B4611B-93D8-44F6-84C1-D5E1338419DD}.Release|Any CPU.Build.0 = Release|Any CPU
		{84B4611B-93D8-44F6-84C1-D5E1338419DD}.Release|ARM.ActiveCfg = Release|Any CPU
		{84B4611B-93D8-44F6-84C1-D5E1338419DD}.Release|ARM.Build.0 = Release|Any CPU
		{84B4611B-93D8-44F6-84C1-D5E1338419DD}.Release|iPhone.ActiveCfg = Release|Any CPU
		{84B4611B-93D8-44F6-84C1-D5E1338419DD}.Release|iPhone.Build.0 = Release|Any CPU
		{84B4611B-93D8-44F6-84C1-D5E1338419DD}.Release|iPhoneSimulator.ActiveCfg = Release|Any CPU
		{84B4611B-93D8-44F6-84C1-D5E1338419DD}.Release|iPhoneSimulator.Build.0 = Release|Any CPU
		{84B4611B-93D8-44F6-84C1-D5E1338419DD}.Release|x64.ActiveCfg = Release|Any CPU
		{84B4611B-93D8-44F6-84C1-D5E1338419DD}.Release|x64.Build.0 = Release|Any CPU
		{84B4611B-93D8-44F6-84C1-D5E1338419DD}.Release|x86.ActiveCfg = Release|Any CPU
		{84B4611B-93D8-44F6-84C1-D5E1338419DD}.Release|x86.Build.0 = Release|Any CPU
		{91897016-536E-4D70-B6F6-513DE415F1D2}.Ad-Hoc|Any CPU.ActiveCfg = Release|Any CPU
		{91897016-536E-4D70-B6F6-513DE415F1D2}.Ad-Hoc|Any CPU.Build.0 = Release|Any CPU
		{91897016-536E-4D70-B6F6-513DE415F1D2}.Ad-Hoc|Any CPU.Deploy.0 = Release|Any CPU
		{91897016-536E-4D70-B6F6-513DE415F1D2}.Ad-Hoc|ARM.ActiveCfg = Release|Any CPU
		{91897016-536E-4D70-B6F6-513DE415F1D2}.Ad-Hoc|ARM.Build.0 = Release|Any CPU
		{91897016-536E-4D70-B6F6-513DE415F1D2}.Ad-Hoc|ARM.Deploy.0 = Release|Any CPU
		{91897016-536E-4D70-B6F6-513DE415F1D2}.Ad-Hoc|iPhone.ActiveCfg = Release|Any CPU
		{91897016-536E-4D70-B6F6-513DE415F1D2}.Ad-Hoc|iPhone.Build.0 = Release|Any CPU
		{91897016-536E-4D70-B6F6-513DE415F1D2}.Ad-Hoc|iPhone.Deploy.0 = Release|Any CPU
		{91897016-536E-4D70-B6F6-513DE415F1D2}.Ad-Hoc|iPhoneSimulator.ActiveCfg = Release|Any CPU
		{91897016-536E-4D70-B6F6-513DE415F1D2}.Ad-Hoc|iPhoneSimulator.Build.0 = Release|Any CPU
		{91897016-536E-4D70-B6F6-513DE415F1D2}.Ad-Hoc|iPhoneSimulator.Deploy.0 = Release|Any CPU
		{91897016-536E-4D70-B6F6-513DE415F1D2}.Ad-Hoc|x64.ActiveCfg = Release|Any CPU
		{91897016-536E-4D70-B6F6-513DE415F1D2}.Ad-Hoc|x64.Build.0 = Release|Any CPU
		{91897016-536E-4D70-B6F6-513DE415F1D2}.Ad-Hoc|x64.Deploy.0 = Release|Any CPU
		{91897016-536E-4D70-B6F6-513DE415F1D2}.Ad-Hoc|x86.ActiveCfg = Release|Any CPU
		{91897016-536E-4D70-B6F6-513DE415F1D2}.Ad-Hoc|x86.Build.0 = Release|Any CPU
		{91897016-536E-4D70-B6F6-513DE415F1D2}.Ad-Hoc|x86.Deploy.0 = Release|Any CPU
		{91897016-536E-4D70-B6F6-513DE415F1D2}.AppStore|Any CPU.ActiveCfg = Release|Any CPU
		{91897016-536E-4D70-B6F6-513DE415F1D2}.AppStore|Any CPU.Build.0 = Release|Any CPU
		{91897016-536E-4D70-B6F6-513DE415F1D2}.AppStore|Any CPU.Deploy.0 = Release|Any CPU
		{91897016-536E-4D70-B6F6-513DE415F1D2}.AppStore|ARM.ActiveCfg = Release|Any CPU
		{91897016-536E-4D70-B6F6-513DE415F1D2}.AppStore|ARM.Build.0 = Release|Any CPU
		{91897016-536E-4D70-B6F6-513DE415F1D2}.AppStore|ARM.Deploy.0 = Release|Any CPU
		{91897016-536E-4D70-B6F6-513DE415F1D2}.AppStore|iPhone.ActiveCfg = Release|Any CPU
		{91897016-536E-4D70-B6F6-513DE415F1D2}.AppStore|iPhone.Build.0 = Release|Any CPU
		{91897016-536E-4D70-B6F6-513DE415F1D2}.AppStore|iPhone.Deploy.0 = Release|Any CPU
		{91897016-536E-4D70-B6F6-513DE415F1D2}.AppStore|iPhoneSimulator.ActiveCfg = Release|Any CPU
		{91897016-536E-4D70-B6F6-513DE415F1D2}.AppStore|iPhoneSimulator.Build.0 = Release|Any CPU
		{91897016-536E-4D70-B6F6-513DE415F1D2}.AppStore|iPhoneSimulator.Deploy.0 = Release|Any CPU
		{91897016-536E-4D70-B6F6-513DE415F1D2}.AppStore|x64.ActiveCfg = Release|Any CPU
		{91897016-536E-4D70-B6F6-513DE415F1D2}.AppStore|x64.Build.0 = Release|Any CPU
		{91897016-536E-4D70-B6F6-513DE415F1D2}.AppStore|x64.Deploy.0 = Release|Any CPU
		{91897016-536E-4D70-B6F6-513DE415F1D2}.AppStore|x86.ActiveCfg = Release|Any CPU
		{91897016-536E-4D70-B6F6-513DE415F1D2}.AppStore|x86.Build.0 = Release|Any CPU
		{91897016-536E-4D70-B6F6-513DE415F1D2}.AppStore|x86.Deploy.0 = Release|Any CPU
		{91897016-536E-4D70-B6F6-513DE415F1D2}.Debug|Any CPU.ActiveCfg = Debug|Any CPU
		{91897016-536E-4D70-B6F6-513DE415F1D2}.Debug|Any CPU.Build.0 = Debug|Any CPU
		{91897016-536E-4D70-B6F6-513DE415F1D2}.Debug|Any CPU.Deploy.0 = Debug|Any CPU
		{91897016-536E-4D70-B6F6-513DE415F1D2}.Debug|ARM.ActiveCfg = Debug|Any CPU
		{91897016-536E-4D70-B6F6-513DE415F1D2}.Debug|ARM.Build.0 = Debug|Any CPU
		{91897016-536E-4D70-B6F6-513DE415F1D2}.Debug|ARM.Deploy.0 = Debug|Any CPU
		{91897016-536E-4D70-B6F6-513DE415F1D2}.Debug|iPhone.ActiveCfg = Debug|Any CPU
		{91897016-536E-4D70-B6F6-513DE415F1D2}.Debug|iPhone.Build.0 = Debug|Any CPU
		{91897016-536E-4D70-B6F6-513DE415F1D2}.Debug|iPhone.Deploy.0 = Debug|Any CPU
		{91897016-536E-4D70-B6F6-513DE415F1D2}.Debug|iPhoneSimulator.ActiveCfg = Debug|Any CPU
		{91897016-536E-4D70-B6F6-513DE415F1D2}.Debug|iPhoneSimulator.Build.0 = Debug|Any CPU
		{91897016-536E-4D70-B6F6-513DE415F1D2}.Debug|iPhoneSimulator.Deploy.0 = Debug|Any CPU
		{91897016-536E-4D70-B6F6-513DE415F1D2}.Debug|x64.ActiveCfg = Debug|Any CPU
		{91897016-536E-4D70-B6F6-513DE415F1D2}.Debug|x64.Build.0 = Debug|Any CPU
		{91897016-536E-4D70-B6F6-513DE415F1D2}.Debug|x64.Deploy.0 = Debug|Any CPU
		{91897016-536E-4D70-B6F6-513DE415F1D2}.Debug|x86.ActiveCfg = Debug|Any CPU
		{91897016-536E-4D70-B6F6-513DE415F1D2}.Debug|x86.Build.0 = Debug|Any CPU
		{91897016-536E-4D70-B6F6-513DE415F1D2}.Debug|x86.Deploy.0 = Debug|Any CPU
		{91897016-536E-4D70-B6F6-513DE415F1D2}.Release|Any CPU.ActiveCfg = Release|Any CPU
		{91897016-536E-4D70-B6F6-513DE415F1D2}.Release|Any CPU.Build.0 = Release|Any CPU
		{91897016-536E-4D70-B6F6-513DE415F1D2}.Release|Any CPU.Deploy.0 = Release|Any CPU
		{91897016-536E-4D70-B6F6-513DE415F1D2}.Release|ARM.ActiveCfg = Release|Any CPU
		{91897016-536E-4D70-B6F6-513DE415F1D2}.Release|ARM.Build.0 = Release|Any CPU
		{91897016-536E-4D70-B6F6-513DE415F1D2}.Release|ARM.Deploy.0 = Release|Any CPU
		{91897016-536E-4D70-B6F6-513DE415F1D2}.Release|iPhone.ActiveCfg = Release|Any CPU
		{91897016-536E-4D70-B6F6-513DE415F1D2}.Release|iPhone.Build.0 = Release|Any CPU
		{91897016-536E-4D70-B6F6-513DE415F1D2}.Release|iPhone.Deploy.0 = Release|Any CPU
		{91897016-536E-4D70-B6F6-513DE415F1D2}.Release|iPhoneSimulator.ActiveCfg = Release|Any CPU
		{91897016-536E-4D70-B6F6-513DE415F1D2}.Release|iPhoneSimulator.Build.0 = Release|Any CPU
		{91897016-536E-4D70-B6F6-513DE415F1D2}.Release|iPhoneSimulator.Deploy.0 = Release|Any CPU
		{91897016-536E-4D70-B6F6-513DE415F1D2}.Release|x64.ActiveCfg = Release|Any CPU
		{91897016-536E-4D70-B6F6-513DE415F1D2}.Release|x64.Build.0 = Release|Any CPU
		{91897016-536E-4D70-B6F6-513DE415F1D2}.Release|x64.Deploy.0 = Release|Any CPU
		{91897016-536E-4D70-B6F6-513DE415F1D2}.Release|x86.ActiveCfg = Release|Any CPU
		{91897016-536E-4D70-B6F6-513DE415F1D2}.Release|x86.Build.0 = Release|Any CPU
		{91897016-536E-4D70-B6F6-513DE415F1D2}.Release|x86.Deploy.0 = Release|Any CPU
		{73FE0459-9920-47FB-9C56-B1E673EB3196}.Ad-Hoc|Any CPU.ActiveCfg = Ad-Hoc|iPhone
		{73FE0459-9920-47FB-9C56-B1E673EB3196}.Ad-Hoc|ARM.ActiveCfg = Ad-Hoc|iPhone
		{73FE0459-9920-47FB-9C56-B1E673EB3196}.Ad-Hoc|iPhone.ActiveCfg = Ad-Hoc|iPhone
		{73FE0459-9920-47FB-9C56-B1E673EB3196}.Ad-Hoc|iPhone.Build.0 = Ad-Hoc|iPhone
		{73FE0459-9920-47FB-9C56-B1E673EB3196}.Ad-Hoc|iPhoneSimulator.ActiveCfg = Ad-Hoc|iPhoneSimulator
		{73FE0459-9920-47FB-9C56-B1E673EB3196}.Ad-Hoc|iPhoneSimulator.Build.0 = Ad-Hoc|iPhoneSimulator
		{73FE0459-9920-47FB-9C56-B1E673EB3196}.Ad-Hoc|x64.ActiveCfg = Ad-Hoc|iPhone
		{73FE0459-9920-47FB-9C56-B1E673EB3196}.Ad-Hoc|x86.ActiveCfg = Ad-Hoc|iPhone
		{73FE0459-9920-47FB-9C56-B1E673EB3196}.AppStore|Any CPU.ActiveCfg = AppStore|iPhone
		{73FE0459-9920-47FB-9C56-B1E673EB3196}.AppStore|ARM.ActiveCfg = AppStore|iPhone
		{73FE0459-9920-47FB-9C56-B1E673EB3196}.AppStore|iPhone.ActiveCfg = AppStore|iPhone
		{73FE0459-9920-47FB-9C56-B1E673EB3196}.AppStore|iPhone.Build.0 = AppStore|iPhone
		{73FE0459-9920-47FB-9C56-B1E673EB3196}.AppStore|iPhoneSimulator.ActiveCfg = AppStore|iPhoneSimulator
		{73FE0459-9920-47FB-9C56-B1E673EB3196}.AppStore|iPhoneSimulator.Build.0 = AppStore|iPhoneSimulator
		{73FE0459-9920-47FB-9C56-B1E673EB3196}.AppStore|x64.ActiveCfg = AppStore|iPhone
		{73FE0459-9920-47FB-9C56-B1E673EB3196}.AppStore|x86.ActiveCfg = AppStore|iPhone
		{73FE0459-9920-47FB-9C56-B1E673EB3196}.Debug|Any CPU.ActiveCfg = Debug|iPhone
		{73FE0459-9920-47FB-9C56-B1E673EB3196}.Debug|ARM.ActiveCfg = Debug|iPhone
		{73FE0459-9920-47FB-9C56-B1E673EB3196}.Debug|iPhone.ActiveCfg = Debug|iPhone
		{73FE0459-9920-47FB-9C56-B1E673EB3196}.Debug|iPhone.Build.0 = Debug|iPhone
		{73FE0459-9920-47FB-9C56-B1E673EB3196}.Debug|iPhoneSimulator.ActiveCfg = Debug|iPhoneSimulator
		{73FE0459-9920-47FB-9C56-B1E673EB3196}.Debug|iPhoneSimulator.Build.0 = Debug|iPhoneSimulator
		{73FE0459-9920-47FB-9C56-B1E673EB3196}.Debug|x64.ActiveCfg = Debug|iPhone
		{73FE0459-9920-47FB-9C56-B1E673EB3196}.Debug|x86.ActiveCfg = Debug|iPhone
		{73FE0459-9920-47FB-9C56-B1E673EB3196}.Release|Any CPU.ActiveCfg = Release|iPhone
		{73FE0459-9920-47FB-9C56-B1E673EB3196}.Release|ARM.ActiveCfg = Release|iPhone
		{73FE0459-9920-47FB-9C56-B1E673EB3196}.Release|iPhone.ActiveCfg = Release|iPhone
		{73FE0459-9920-47FB-9C56-B1E673EB3196}.Release|iPhone.Build.0 = Release|iPhone
		{73FE0459-9920-47FB-9C56-B1E673EB3196}.Release|iPhoneSimulator.ActiveCfg = Release|iPhoneSimulator
		{73FE0459-9920-47FB-9C56-B1E673EB3196}.Release|iPhoneSimulator.Build.0 = Release|iPhoneSimulator
		{73FE0459-9920-47FB-9C56-B1E673EB3196}.Release|x64.ActiveCfg = Release|iPhone
		{73FE0459-9920-47FB-9C56-B1E673EB3196}.Release|x86.ActiveCfg = Release|iPhone
	EndGlobalSection
	GlobalSection(SolutionProperties) = preSolution
		HideSolutionNode = FALSE
	EndGlobalSection
EndGlobal
